// !$*UTF8*$!
{
	archiveVersion = 1;
	classes = {
	};
	objectVersion = 52;
	objects = {

/* Begin PBXBuildFile section */
		4E1F50ED23E469170058D993 /* LoginController.swift in Sources */ = {isa = PBXBuildFile; fileRef = 4E1F50EC23E469170058D993 /* LoginController.swift */; };
		4E1F50EF23E46F570058D993 /* ViewController.swift in Sources */ = {isa = PBXBuildFile; fileRef = 4E1F50EE23E46F570058D993 /* ViewController.swift */; };
		4E1F50F223E4705D0058D993 /* DeviceKit in Frameworks */ = {isa = PBXBuildFile; productRef = 4E1F50F123E4705D0058D993 /* DeviceKit */; };
		4E1F50F423E474340058D993 /* Main.storyboard in Resources */ = {isa = PBXBuildFile; fileRef = 4E1F50F323E474340058D993 /* Main.storyboard */; };
		4E1F50F623E47F690058D993 /* RegistController.swift in Sources */ = {isa = PBXBuildFile; fileRef = 4E1F50F523E47F690058D993 /* RegistController.swift */; };
		4E1F50F823E5CFA70058D993 /* ErrorHandler.swift in Sources */ = {isa = PBXBuildFile; fileRef = 4E1F50F723E5CFA70058D993 /* ErrorHandler.swift */; };
		4E1F50FA23E72FF50058D993 /* MainView.swift in Sources */ = {isa = PBXBuildFile; fileRef = 4E1F50F923E72FF50058D993 /* MainView.swift */; };
		4E1F50FC23E730010058D993 /* MainController.swift in Sources */ = {isa = PBXBuildFile; fileRef = 4E1F50FB23E730010058D993 /* MainController.swift */; };
		4E1F50FE23E730830058D993 /* DailyAffairsView.swift in Sources */ = {isa = PBXBuildFile; fileRef = 4E1F50FD23E730830058D993 /* DailyAffairsView.swift */; };
		4E1F510023E7308F0058D993 /* AffairsView.swift in Sources */ = {isa = PBXBuildFile; fileRef = 4E1F50FF23E7308F0058D993 /* AffairsView.swift */; };
		4E1F513E23E77E6A0058D993 /* LongTermAffairsView.swift in Sources */ = {isa = PBXBuildFile; fileRef = 4E1F513D23E77E6A0058D993 /* LongTermAffairsView.swift */; };
		4EABE9BB23DD823500C92A19 /* AppDelegate.swift in Sources */ = {isa = PBXBuildFile; fileRef = 4EABE9BA23DD823500C92A19 /* AppDelegate.swift */; };
		4EABE9BD23DD823500C92A19 /* SceneDelegate.swift in Sources */ = {isa = PBXBuildFile; fileRef = 4EABE9BC23DD823500C92A19 /* SceneDelegate.swift */; };
		4EABE9C123DD823800C92A19 /* Assets.xcassets in Resources */ = {isa = PBXBuildFile; fileRef = 4EABE9C023DD823800C92A19 /* Assets.xcassets */; };
		4EABE9C723DD823800C92A19 /* LaunchScreen.storyboard in Resources */ = {isa = PBXBuildFile; fileRef = 4EABE9C523DD823800C92A19 /* LaunchScreen.storyboard */; };
		4EABE9EC23DD86A400C92A19 /* Alamofire in Frameworks */ = {isa = PBXBuildFile; productRef = 4EABE9EB23DD86A400C92A19 /* Alamofire */; };
		4EABE9EE23DDB50700C92A19 /* LoginView.swift in Sources */ = {isa = PBXBuildFile; fileRef = 4EABE9ED23DDB50700C92A19 /* LoginView.swift */; };
		4EDBA22A23E30B4800DD0A01 /* keyboardGuardian.swift in Sources */ = {isa = PBXBuildFile; fileRef = 4EDBA22923E30B4800DD0A01 /* keyboardGuardian.swift */; };
		4EDBA22C23E30B9100DD0A01 /* GeometryGetter.swift in Sources */ = {isa = PBXBuildFile; fileRef = 4EDBA22B23E30B9100DD0A01 /* GeometryGetter.swift */; };
		4EDBA22E23E37E0000DD0A01 /* RegistView.swift in Sources */ = {isa = PBXBuildFile; fileRef = 4EDBA22D23E37E0000DD0A01 /* RegistView.swift */; };
/* End PBXBuildFile section */

/* Begin PBXContainerItemProxy section */
		4EABE9CE23DD823800C92A19 /* PBXContainerItemProxy */ = {
			isa = PBXContainerItemProxy;
			containerPortal = 4EABE9AF23DD823500C92A19 /* Project object */;
			proxyType = 1;
			remoteGlobalIDString = 4EABE9B623DD823500C92A19;
			remoteInfo = ScheduleManager;
		};
		4EABE9D923DD823800C92A19 /* PBXContainerItemProxy */ = {
			isa = PBXContainerItemProxy;
			containerPortal = 4EABE9AF23DD823500C92A19 /* Project object */;
			proxyType = 1;
			remoteGlobalIDString = 4EABE9B623DD823500C92A19;
			remoteInfo = ScheduleManager;
		};
/* End PBXContainerItemProxy section */

/* Begin PBXFileReference section */
		4E1F50EC23E469170058D993 /* LoginController.swift */ = {isa = PBXFileReference; lastKnownFileType = sourcecode.swift; path = LoginController.swift; sourceTree = "<group>"; };
		4E1F50EE23E46F570058D993 /* ViewController.swift */ = {isa = PBXFileReference; lastKnownFileType = sourcecode.swift; path = ViewController.swift; sourceTree = "<group>"; };
		4E1F50F323E474340058D993 /* Main.storyboard */ = {isa = PBXFileReference; lastKnownFileType = file.storyboard; path = Main.storyboard; sourceTree = "<group>"; };
		4E1F50F523E47F690058D993 /* RegistController.swift */ = {isa = PBXFileReference; lastKnownFileType = sourcecode.swift; path = RegistController.swift; sourceTree = "<group>"; };
		4E1F50F723E5CFA70058D993 /* ErrorHandler.swift */ = {isa = PBXFileReference; lastKnownFileType = sourcecode.swift; path = ErrorHandler.swift; sourceTree = "<group>"; };
		4E1F50F923E72FF50058D993 /* MainView.swift */ = {isa = PBXFileReference; lastKnownFileType = sourcecode.swift; path = MainView.swift; sourceTree = "<group>"; };
		4E1F50FB23E730010058D993 /* MainController.swift */ = {isa = PBXFileReference; lastKnownFileType = sourcecode.swift; path = MainController.swift; sourceTree = "<group>"; };
		4E1F50FD23E730830058D993 /* DailyAffairsView.swift */ = {isa = PBXFileReference; lastKnownFileType = sourcecode.swift; path = DailyAffairsView.swift; sourceTree = "<group>"; };
		4E1F50FF23E7308F0058D993 /* AffairsView.swift */ = {isa = PBXFileReference; lastKnownFileType = sourcecode.swift; path = AffairsView.swift; sourceTree = "<group>"; };
		4E1F513D23E77E6A0058D993 /* LongTermAffairsView.swift */ = {isa = PBXFileReference; lastKnownFileType = sourcecode.swift; path = LongTermAffairsView.swift; sourceTree = "<group>"; };
		4EABE9B723DD823500C92A19 /* ScheduleManager.app */ = {isa = PBXFileReference; explicitFileType = wrapper.application; includeInIndex = 0; path = ScheduleManager.app; sourceTree = BUILT_PRODUCTS_DIR; };
		4EABE9BA23DD823500C92A19 /* AppDelegate.swift */ = {isa = PBXFileReference; lastKnownFileType = sourcecode.swift; path = AppDelegate.swift; sourceTree = "<group>"; };
		4EABE9BC23DD823500C92A19 /* SceneDelegate.swift */ = {isa = PBXFileReference; lastKnownFileType = sourcecode.swift; path = SceneDelegate.swift; sourceTree = "<group>"; };
		4EABE9C023DD823800C92A19 /* Assets.xcassets */ = {isa = PBXFileReference; lastKnownFileType = folder.assetcatalog; path = Assets.xcassets; sourceTree = "<group>"; };
		4EABE9C623DD823800C92A19 /* Base */ = {isa = PBXFileReference; lastKnownFileType = file.storyboard; name = Base; path = Base.lproj/LaunchScreen.storyboard; sourceTree = "<group>"; };
		4EABE9C823DD823800C92A19 /* Info.plist */ = {isa = PBXFileReference; lastKnownFileType = text.plist.xml; path = Info.plist; sourceTree = "<group>"; };
		4EABE9CD23DD823800C92A19 /* ScheduleManagerTests.xctest */ = {isa = PBXFileReference; explicitFileType = wrapper.cfbundle; includeInIndex = 0; path = ScheduleManagerTests.xctest; sourceTree = BUILT_PRODUCTS_DIR; };
		4EABE9D823DD823800C92A19 /* ScheduleManagerUITests.xctest */ = {isa = PBXFileReference; explicitFileType = wrapper.cfbundle; includeInIndex = 0; path = ScheduleManagerUITests.xctest; sourceTree = BUILT_PRODUCTS_DIR; };
		4EABE9ED23DDB50700C92A19 /* LoginView.swift */ = {isa = PBXFileReference; lastKnownFileType = sourcecode.swift; path = LoginView.swift; sourceTree = "<group>"; };
		4EDBA22923E30B4800DD0A01 /* keyboardGuardian.swift */ = {isa = PBXFileReference; lastKnownFileType = sourcecode.swift; path = keyboardGuardian.swift; sourceTree = "<group>"; };
		4EDBA22B23E30B9100DD0A01 /* GeometryGetter.swift */ = {isa = PBXFileReference; lastKnownFileType = sourcecode.swift; path = GeometryGetter.swift; sourceTree = "<group>"; };
		4EDBA22D23E37E0000DD0A01 /* RegistView.swift */ = {isa = PBXFileReference; lastKnownFileType = sourcecode.swift; path = RegistView.swift; sourceTree = "<group>"; };
/* End PBXFileReference section */

/* Begin PBXFrameworksBuildPhase section */
		4EABE9B423DD823500C92A19 /* Frameworks */ = {
			isa = PBXFrameworksBuildPhase;
			buildActionMask = 2147483647;
			files = (
				4EABE9EC23DD86A400C92A19 /* Alamofire in Frameworks */,
				4E1F50F223E4705D0058D993 /* DeviceKit in Frameworks */,
			);
			runOnlyForDeploymentPostprocessing = 0;
		};
		4EABE9CA23DD823800C92A19 /* Frameworks */ = {
			isa = PBXFrameworksBuildPhase;
			buildActionMask = 2147483647;
			files = (
			);
			runOnlyForDeploymentPostprocessing = 0;
		};
		4EABE9D523DD823800C92A19 /* Frameworks */ = {
			isa = PBXFrameworksBuildPhase;
			buildActionMask = 2147483647;
			files = (
			);
			runOnlyForDeploymentPostprocessing = 0;
		};
/* End PBXFrameworksBuildPhase section */

/* Begin PBXGroup section */
		4E1F513F23E789C90058D993 /* AffairViews */ = {
			isa = PBXGroup;
			children = (
				4E1F50FD23E730830058D993 /* DailyAffairsView.swift */,
				4E1F513D23E77E6A0058D993 /* LongTermAffairsView.swift */,
				4E1F50FF23E7308F0058D993 /* AffairsView.swift */,
			);
			path = AffairViews;
			sourceTree = "<group>";
		};
		4EABE9AE23DD823500C92A19 = {
			isa = PBXGroup;
			children = (
				4EABE9B923DD823500C92A19 /* ScheduleManager */,
				4EABE9B823DD823500C92A19 /* Products */,
			);
			sourceTree = "<group>";
		};
		4EABE9B823DD823500C92A19 /* Products */ = {
			isa = PBXGroup;
			children = (
				4EABE9B723DD823500C92A19 /* ScheduleManager.app */,
				4EABE9CD23DD823800C92A19 /* ScheduleManagerTests.xctest */,
				4EABE9D823DD823800C92A19 /* ScheduleManagerUITests.xctest */,
			);
			name = Products;
			sourceTree = "<group>";
		};
		4EABE9B923DD823500C92A19 /* ScheduleManager */ = {
			isa = PBXGroup;
			children = (
				4EABE9BA23DD823500C92A19 /* AppDelegate.swift */,
				4EABE9BC23DD823500C92A19 /* SceneDelegate.swift */,
				4E1F50EE23E46F570058D993 /* ViewController.swift */,
				4EABE9ED23DDB50700C92A19 /* LoginView.swift */,
				4E1F50EC23E469170058D993 /* LoginController.swift */,
				4EDBA22D23E37E0000DD0A01 /* RegistView.swift */,
				4E1F50F523E47F690058D993 /* RegistController.swift */,
				4E1F50F923E72FF50058D993 /* MainView.swift */,
				4E1F50FB23E730010058D993 /* MainController.swift */,
				4E1F50F723E5CFA70058D993 /* ErrorHandler.swift */,
				4EDBA22B23E30B9100DD0A01 /* GeometryGetter.swift */,
				4EDBA22923E30B4800DD0A01 /* keyboardGuardian.swift */,
				4EABE9C023DD823800C92A19 /* Assets.xcassets */,
				4EABE9C523DD823800C92A19 /* LaunchScreen.storyboard */,
				4E1F50F323E474340058D993 /* Main.storyboard */,
				4EABE9C823DD823800C92A19 /* Info.plist */,
				4E1F513F23E789C90058D993 /* AffairViews */,
			);
			path = ScheduleManager;
			sourceTree = "<group>";
		};
/* End PBXGroup section */

/* Begin PBXNativeTarget section */
		4EABE9B623DD823500C92A19 /* ScheduleManager */ = {
			isa = PBXNativeTarget;
			buildConfigurationList = 4EABE9E123DD823800C92A19 /* Build configuration list for PBXNativeTarget "ScheduleManager" */;
			buildPhases = (
				4EABE9B323DD823500C92A19 /* Sources */,
				4EABE9B423DD823500C92A19 /* Frameworks */,
				4EABE9B523DD823500C92A19 /* Resources */,
			);
			buildRules = (
			);
			dependencies = (
			);
			name = ScheduleManager;
			packageProductDependencies = (
				4EABE9EB23DD86A400C92A19 /* Alamofire */,
				4E1F50F123E4705D0058D993 /* DeviceKit */,
			);
			productName = ScheduleManager;
			productReference = 4EABE9B723DD823500C92A19 /* ScheduleManager.app */;
			productType = "com.apple.product-type.application";
		};
		4EABE9CC23DD823800C92A19 /* ScheduleManagerTests */ = {
			isa = PBXNativeTarget;
			buildConfigurationList = 4EABE9E423DD823800C92A19 /* Build configuration list for PBXNativeTarget "ScheduleManagerTests" */;
			buildPhases = (
				4EABE9C923DD823800C92A19 /* Sources */,
				4EABE9CA23DD823800C92A19 /* Frameworks */,
				4EABE9CB23DD823800C92A19 /* Resources */,
			);
			buildRules = (
			);
			dependencies = (
				4EABE9CF23DD823800C92A19 /* PBXTargetDependency */,
			);
			name = ScheduleManagerTests;
			productName = ScheduleManagerTests;
			productReference = 4EABE9CD23DD823800C92A19 /* ScheduleManagerTests.xctest */;
			productType = "com.apple.product-type.bundle.unit-test";
		};
		4EABE9D723DD823800C92A19 /* ScheduleManagerUITests */ = {
			isa = PBXNativeTarget;
			buildConfigurationList = 4EABE9E723DD823800C92A19 /* Build configuration list for PBXNativeTarget "ScheduleManagerUITests" */;
			buildPhases = (
				4EABE9D423DD823800C92A19 /* Sources */,
				4EABE9D523DD823800C92A19 /* Frameworks */,
				4EABE9D623DD823800C92A19 /* Resources */,
			);
			buildRules = (
			);
			dependencies = (
				4EABE9DA23DD823800C92A19 /* PBXTargetDependency */,
			);
			name = ScheduleManagerUITests;
			productName = ScheduleManagerUITests;
			productReference = 4EABE9D823DD823800C92A19 /* ScheduleManagerUITests.xctest */;
			productType = "com.apple.product-type.bundle.ui-testing";
		};
/* End PBXNativeTarget section */

/* Begin PBXProject section */
		4EABE9AF23DD823500C92A19 /* Project object */ = {
			isa = PBXProject;
			attributes = {
				LastSwiftUpdateCheck = 1130;
				LastUpgradeCheck = 1130;
				ORGANIZATIONNAME = DevHexgram;
				TargetAttributes = {
					4EABE9B623DD823500C92A19 = {
						CreatedOnToolsVersion = 11.3.1;
					};
					4EABE9CC23DD823800C92A19 = {
						CreatedOnToolsVersion = 11.3.1;
						TestTargetID = 4EABE9B623DD823500C92A19;
					};
					4EABE9D723DD823800C92A19 = {
						CreatedOnToolsVersion = 11.3.1;
						TestTargetID = 4EABE9B623DD823500C92A19;
					};
				};
			};
			buildConfigurationList = 4EABE9B223DD823500C92A19 /* Build configuration list for PBXProject "ScheduleManager" */;
			compatibilityVersion = "Xcode 9.3";
			developmentRegion = en;
			hasScannedForEncodings = 0;
			knownRegions = (
				en,
				Base,
			);
			mainGroup = 4EABE9AE23DD823500C92A19;
			packageReferences = (
				4EABE9EA23DD86A400C92A19 /* XCRemoteSwiftPackageReference "Alamofire" */,
				4E1F50F023E4705D0058D993 /* XCRemoteSwiftPackageReference "DeviceKit" */,
			);
			productRefGroup = 4EABE9B823DD823500C92A19 /* Products */;
			projectDirPath = "";
			projectRoot = "";
			targets = (
				4EABE9B623DD823500C92A19 /* ScheduleManager */,
				4EABE9CC23DD823800C92A19 /* ScheduleManagerTests */,
				4EABE9D723DD823800C92A19 /* ScheduleManagerUITests */,
			);
		};
/* End PBXProject section */

/* Begin PBXResourcesBuildPhase section */
		4EABE9B523DD823500C92A19 /* Resources */ = {
			isa = PBXResourcesBuildPhase;
			buildActionMask = 2147483647;
			files = (
				4EABE9C723DD823800C92A19 /* LaunchScreen.storyboard in Resources */,
				4EABE9C123DD823800C92A19 /* Assets.xcassets in Resources */,
				4E1F50F423E474340058D993 /* Main.storyboard in Resources */,
			);
			runOnlyForDeploymentPostprocessing = 0;
		};
		4EABE9CB23DD823800C92A19 /* Resources */ = {
			isa = PBXResourcesBuildPhase;
			buildActionMask = 2147483647;
			files = (
			);
			runOnlyForDeploymentPostprocessing = 0;
		};
		4EABE9D623DD823800C92A19 /* Resources */ = {
			isa = PBXResourcesBuildPhase;
			buildActionMask = 2147483647;
			files = (
			);
			runOnlyForDeploymentPostprocessing = 0;
		};
/* End PBXResourcesBuildPhase section */

/* Begin PBXSourcesBuildPhase section */
		4EABE9B323DD823500C92A19 /* Sources */ = {
			isa = PBXSourcesBuildPhase;
			buildActionMask = 2147483647;
			files = (
				4EDBA22A23E30B4800DD0A01 /* keyboardGuardian.swift in Sources */,
				4EABE9BB23DD823500C92A19 /* AppDelegate.swift in Sources */,
				4EDBA22C23E30B9100DD0A01 /* GeometryGetter.swift in Sources */,
				4E1F50FC23E730010058D993 /* MainController.swift in Sources */,
				4E1F50F823E5CFA70058D993 /* ErrorHandler.swift in Sources */,
				4E1F510023E7308F0058D993 /* AffairsView.swift in Sources */,
				4E1F50EF23E46F570058D993 /* ViewController.swift in Sources */,
				4EABE9BD23DD823500C92A19 /* SceneDelegate.swift in Sources */,
				4EABE9EE23DDB50700C92A19 /* LoginView.swift in Sources */,
				4E1F50FA23E72FF50058D993 /* MainView.swift in Sources */,
				4E1F50FE23E730830058D993 /* DailyAffairsView.swift in Sources */,
				4E1F50ED23E469170058D993 /* LoginController.swift in Sources */,
				4EDBA22E23E37E0000DD0A01 /* RegistView.swift in Sources */,
				4E1F513E23E77E6A0058D993 /* LongTermAffairsView.swift in Sources */,
				4E1F50F623E47F690058D993 /* RegistController.swift in Sources */,
			);
			runOnlyForDeploymentPostprocessing = 0;
		};
		4EABE9C923DD823800C92A19 /* Sources */ = {
			isa = PBXSourcesBuildPhase;
			buildActionMask = 2147483647;
			files = (
			);
			runOnlyForDeploymentPostprocessing = 0;
		};
		4EABE9D423DD823800C92A19 /* Sources */ = {
			isa = PBXSourcesBuildPhase;
			buildActionMask = 2147483647;
			files = (
			);
			runOnlyForDeploymentPostprocessing = 0;
		};
/* End PBXSourcesBuildPhase section */

/* Begin PBXTargetDependency section */
		4EABE9CF23DD823800C92A19 /* PBXTargetDependency */ = {
			isa = PBXTargetDependency;
			target = 4EABE9B623DD823500C92A19 /* ScheduleManager */;
			targetProxy = 4EABE9CE23DD823800C92A19 /* PBXContainerItemProxy */;
		};
		4EABE9DA23DD823800C92A19 /* PBXTargetDependency */ = {
			isa = PBXTargetDependency;
			target = 4EABE9B623DD823500C92A19 /* ScheduleManager */;
			targetProxy = 4EABE9D923DD823800C92A19 /* PBXContainerItemProxy */;
		};
/* End PBXTargetDependency section */

/* Begin PBXVariantGroup section */
		4EABE9C523DD823800C92A19 /* LaunchScreen.storyboard */ = {
			isa = PBXVariantGroup;
			children = (
				4EABE9C623DD823800C92A19 /* Base */,
			);
			name = LaunchScreen.storyboard;
			sourceTree = "<group>";
		};
/* End PBXVariantGroup section */

/* Begin XCBuildConfiguration section */
		4EABE9DF23DD823800C92A19 /* Debug */ = {
			isa = XCBuildConfiguration;
			buildSettings = {
				ALWAYS_SEARCH_USER_PATHS = NO;
				CLANG_ANALYZER_NONNULL = YES;
				CLANG_ANALYZER_NUMBER_OBJECT_CONVERSION = YES_AGGRESSIVE;
				CLANG_CXX_LANGUAGE_STANDARD = "gnu++14";
				CLANG_CXX_LIBRARY = "libc++";
				CLANG_ENABLE_MODULES = YES;
				CLANG_ENABLE_OBJC_ARC = YES;
				CLANG_ENABLE_OBJC_WEAK = YES;
				CLANG_WARN_BLOCK_CAPTURE_AUTORELEASING = YES;
				CLANG_WARN_BOOL_CONVERSION = YES;
				CLANG_WARN_COMMA = YES;
				CLANG_WARN_CONSTANT_CONVERSION = YES;
				CLANG_WARN_DEPRECATED_OBJC_IMPLEMENTATIONS = YES;
				CLANG_WARN_DIRECT_OBJC_ISA_USAGE = YES_ERROR;
				CLANG_WARN_DOCUMENTATION_COMMENTS = YES;
				CLANG_WARN_EMPTY_BODY = YES;
				CLANG_WARN_ENUM_CONVERSION = YES;
				CLANG_WARN_INFINITE_RECURSION = YES;
				CLANG_WARN_INT_CONVERSION = YES;
				CLANG_WARN_NON_LITERAL_NULL_CONVERSION = YES;
				CLANG_WARN_OBJC_IMPLICIT_RETAIN_SELF = YES;
				CLANG_WARN_OBJC_LITERAL_CONVERSION = YES;
				CLANG_WARN_OBJC_ROOT_CLASS = YES_ERROR;
				CLANG_WARN_RANGE_LOOP_ANALYSIS = YES;
				CLANG_WARN_STRICT_PROTOTYPES = YES;
				CLANG_WARN_SUSPICIOUS_MOVE = YES;
				CLANG_WARN_UNGUARDED_AVAILABILITY = YES_AGGRESSIVE;
				CLANG_WARN_UNREACHABLE_CODE = YES;
				CLANG_WARN__DUPLICATE_METHOD_MATCH = YES;
				COPY_PHASE_STRIP = NO;
				DEBUG_INFORMATION_FORMAT = dwarf;
				ENABLE_STRICT_OBJC_MSGSEND = YES;
				ENABLE_TESTABILITY = YES;
				GCC_C_LANGUAGE_STANDARD = gnu11;
				GCC_DYNAMIC_NO_PIC = NO;
				GCC_NO_COMMON_BLOCKS = YES;
				GCC_OPTIMIZATION_LEVEL = 0;
				GCC_PREPROCESSOR_DEFINITIONS = (
					"DEBUG=1",
					"$(inherited)",
				);
				GCC_WARN_64_TO_32_BIT_CONVERSION = YES;
				GCC_WARN_ABOUT_RETURN_TYPE = YES_ERROR;
				GCC_WARN_UNDECLARED_SELECTOR = YES;
				GCC_WARN_UNINITIALIZED_AUTOS = YES_AGGRESSIVE;
				GCC_WARN_UNUSED_FUNCTION = YES;
				GCC_WARN_UNUSED_VARIABLE = YES;
				IPHONEOS_DEPLOYMENT_TARGET = 13.2;
				MTL_ENABLE_DEBUG_INFO = INCLUDE_SOURCE;
				MTL_FAST_MATH = YES;
				ONLY_ACTIVE_ARCH = YES;
				SDKROOT = iphoneos;
				SWIFT_ACTIVE_COMPILATION_CONDITIONS = DEBUG;
				SWIFT_OPTIMIZATION_LEVEL = "-Onone";
			};
			name = Debug;
		};
		4EABE9E023DD823800C92A19 /* Release */ = {
			isa = XCBuildConfiguration;
			buildSettings = {
				ALWAYS_SEARCH_USER_PATHS = NO;
				CLANG_ANALYZER_NONNULL = YES;
				CLANG_ANALYZER_NUMBER_OBJECT_CONVERSION = YES_AGGRESSIVE;
				CLANG_CXX_LANGUAGE_STANDARD = "gnu++14";
				CLANG_CXX_LIBRARY = "libc++";
				CLANG_ENABLE_MODULES = YES;
				CLANG_ENABLE_OBJC_ARC = YES;
				CLANG_ENABLE_OBJC_WEAK = YES;
				CLANG_WARN_BLOCK_CAPTURE_AUTORELEASING = YES;
				CLANG_WARN_BOOL_CONVERSION = YES;
				CLANG_WARN_COMMA = YES;
				CLANG_WARN_CONSTANT_CONVERSION = YES;
				CLANG_WARN_DEPRECATED_OBJC_IMPLEMENTATIONS = YES;
				CLANG_WARN_DIRECT_OBJC_ISA_USAGE = YES_ERROR;
				CLANG_WARN_DOCUMENTATION_COMMENTS = YES;
				CLANG_WARN_EMPTY_BODY = YES;
				CLANG_WARN_ENUM_CONVERSION = YES;
				CLANG_WARN_INFINITE_RECURSION = YES;
				CLANG_WARN_INT_CONVERSION = YES;
				CLANG_WARN_NON_LITERAL_NULL_CONVERSION = YES;
				CLANG_WARN_OBJC_IMPLICIT_RETAIN_SELF = YES;
				CLANG_WARN_OBJC_LITERAL_CONVERSION = YES;
				CLANG_WARN_OBJC_ROOT_CLASS = YES_ERROR;
				CLANG_WARN_RANGE_LOOP_ANALYSIS = YES;
				CLANG_WARN_STRICT_PROTOTYPES = YES;
				CLANG_WARN_SUSPICIOUS_MOVE = YES;
				CLANG_WARN_UNGUARDED_AVAILABILITY = YES_AGGRESSIVE;
				CLANG_WARN_UNREACHABLE_CODE = YES;
				CLANG_WARN__DUPLICATE_METHOD_MATCH = YES;
				COPY_PHASE_STRIP = NO;
				DEBUG_INFORMATION_FORMAT = "dwarf-with-dsym";
				ENABLE_NS_ASSERTIONS = NO;
				ENABLE_STRICT_OBJC_MSGSEND = YES;
				GCC_C_LANGUAGE_STANDARD = gnu11;
				GCC_NO_COMMON_BLOCKS = YES;
				GCC_WARN_64_TO_32_BIT_CONVERSION = YES;
				GCC_WARN_ABOUT_RETURN_TYPE = YES_ERROR;
				GCC_WARN_UNDECLARED_SELECTOR = YES;
				GCC_WARN_UNINITIALIZED_AUTOS = YES_AGGRESSIVE;
				GCC_WARN_UNUSED_FUNCTION = YES;
				GCC_WARN_UNUSED_VARIABLE = YES;
				IPHONEOS_DEPLOYMENT_TARGET = 13.2;
				MTL_ENABLE_DEBUG_INFO = NO;
				MTL_FAST_MATH = YES;
				SDKROOT = iphoneos;
				SWIFT_COMPILATION_MODE = wholemodule;
				SWIFT_OPTIMIZATION_LEVEL = "-O";
				VALIDATE_PRODUCT = YES;
			};
			name = Release;
		};
		4EABE9E223DD823800C92A19 /* Debug */ = {
			isa = XCBuildConfiguration;
			buildSettings = {
				ASSETCATALOG_COMPILER_APPICON_NAME = AppIcon;
				CODE_SIGN_STYLE = Automatic;
				DEVELOPMENT_TEAM = GBN8Z9XKQL;
				ENABLE_PREVIEWS = YES;
				INFOPLIST_FILE = ScheduleManager/Info.plist;
				LD_RUNPATH_SEARCH_PATHS = (
					"$(inherited)",
					"@executable_path/Frameworks",
				);
				PRODUCT_BUNDLE_IDENTIFIER = DevHexgram.ScheduleManager;
				PRODUCT_NAME = "$(TARGET_NAME)";
				SWIFT_VERSION = 5.0;
				TARGETED_DEVICE_FAMILY = "1,2";
			};
			name = Debug;
		};
		4EABE9E323DD823800C92A19 /* Release */ = {
			isa = XCBuildConfiguration;
			buildSettings = {
				ASSETCATALOG_COMPILER_APPICON_NAME = AppIcon;
				CODE_SIGN_STYLE = Automatic;
				DEVELOPMENT_TEAM = GBN8Z9XKQL;
				ENABLE_PREVIEWS = YES;
				INFOPLIST_FILE = ScheduleManager/Info.plist;
				LD_RUNPATH_SEARCH_PATHS = (
					"$(inherited)",
					"@executable_path/Frameworks",
				);
				PRODUCT_BUNDLE_IDENTIFIER = DevHexgram.ScheduleManager;
				PRODUCT_NAME = "$(TARGET_NAME)";
				SWIFT_VERSION = 5.0;
				TARGETED_DEVICE_FAMILY = "1,2";
			};
			name = Release;
		};
		4EABE9E523DD823800C92A19 /* Debug */ = {
			isa = XCBuildConfiguration;
			buildSettings = {
				ALWAYS_EMBED_SWIFT_STANDARD_LIBRARIES = YES;
				BUNDLE_LOADER = "$(TEST_HOST)";
				CODE_SIGN_STYLE = Automatic;
				DEVELOPMENT_TEAM = GBN8Z9XKQL;
				INFOPLIST_FILE = ScheduleManagerTests/Info.plist;
				IPHONEOS_DEPLOYMENT_TARGET = 13.2;
				LD_RUNPATH_SEARCH_PATHS = (
					"$(inherited)",
					"@executable_path/Frameworks",
					"@loader_path/Frameworks",
				);
				PRODUCT_BUNDLE_IDENTIFIER = DevHexgram.ScheduleManagerTests;
				PRODUCT_NAME = "$(TARGET_NAME)";
				SWIFT_VERSION = 5.0;
				TARGETED_DEVICE_FAMILY = "1,2";
				TEST_HOST = "$(BUILT_PRODUCTS_DIR)/ScheduleManager.app/ScheduleManager";
			};
			name = Debug;
		};
		4EABE9E623DD823800C92A19 /* Release */ = {
			isa = XCBuildConfiguration;
			buildSettings = {
				ALWAYS_EMBED_SWIFT_STANDARD_LIBRARIES = YES;
				BUNDLE_LOADER = "$(TEST_HOST)";
				CODE_SIGN_STYLE = Automatic;
				DEVELOPMENT_TEAM = GBN8Z9XKQL;
				INFOPLIST_FILE = ScheduleManagerTests/Info.plist;
				IPHONEOS_DEPLOYMENT_TARGET = 13.2;
				LD_RUNPATH_SEARCH_PATHS = (
					"$(inherited)",
					"@executable_path/Frameworks",
					"@loader_path/Frameworks",
				);
				PRODUCT_BUNDLE_IDENTIFIER = DevHexgram.ScheduleManagerTests;
				PRODUCT_NAME = "$(TARGET_NAME)";
				SWIFT_VERSION = 5.0;
				TARGETED_DEVICE_FAMILY = "1,2";
				TEST_HOST = "$(BUILT_PRODUCTS_DIR)/ScheduleManager.app/ScheduleManager";
			};
			name = Release;
		};
		4EABE9E823DD823800C92A19 /* Debug */ = {
			isa = XCBuildConfiguration;
			buildSettings = {
				ALWAYS_EMBED_SWIFT_STANDARD_LIBRARIES = YES;
				CODE_SIGN_STYLE = Automatic;
				DEVELOPMENT_TEAM = GBN8Z9XKQL;
				INFOPLIST_FILE = ScheduleManagerUITests/Info.plist;
				LD_RUNPATH_SEARCH_PATHS = (
					"$(inherited)",
					"@executable_path/Frameworks",
					"@loader_path/Frameworks",
				);
				PRODUCT_BUNDLE_IDENTIFIER = DevHexgram.ScheduleManagerUITests;
				PRODUCT_NAME = "$(TARGET_NAME)";
				SWIFT_VERSION = 5.0;
				TARGETED_DEVICE_FAMILY = "1,2";
				TEST_TARGET_NAME = ScheduleManager;
			};
			name = Debug;
		};
		4EABE9E923DD823800C92A19 /* Release */ = {
			isa = XCBuildConfiguration;
			buildSettings = {
				ALWAYS_EMBED_SWIFT_STANDARD_LIBRARIES = YES;
				CODE_SIGN_STYLE = Automatic;
				DEVELOPMENT_TEAM = GBN8Z9XKQL;
				INFOPLIST_FILE = ScheduleManagerUITests/Info.plist;
				LD_RUNPATH_SEARCH_PATHS = (
					"$(inherited)",
					"@executable_path/Frameworks",
					"@loader_path/Frameworks",
				);
				PRODUCT_BUNDLE_IDENTIFIER = DevHexgram.ScheduleManagerUITests;
				PRODUCT_NAME = "$(TARGET_NAME)";
				SWIFT_VERSION = 5.0;
				TARGETED_DEVICE_FAMILY = "1,2";
				TEST_TARGET_NAME = ScheduleManager;
			};
			name = Release;
		};
/* End XCBuildConfiguration section */

/* Begin XCConfigurationList section */
		4EABE9B223DD823500C92A19 /* Build configuration list for PBXProject "ScheduleManager" */ = {
			isa = XCConfigurationList;
			buildConfigurations = (
				4EABE9DF23DD823800C92A19 /* Debug */,
				4EABE9E023DD823800C92A19 /* Release */,
			);
			defaultConfigurationIsVisible = 0;
			defaultConfigurationName = Release;
		};
		4EABE9E123DD823800C92A19 /* Build configuration list for PBXNativeTarget "ScheduleManager" */ = {
			isa = XCConfigurationList;
			buildConfigurations = (
				4EABE9E223DD823800C92A19 /* Debug */,
				4EABE9E323DD823800C92A19 /* Release */,
			);
			defaultConfigurationIsVisible = 0;
			defaultConfigurationName = Release;
		};
		4EABE9E423DD823800C92A19 /* Build configuration list for PBXNativeTarget "ScheduleManagerTests" */ = {
			isa = XCConfigurationList;
			buildConfigurations = (
				4EABE9E523DD823800C92A19 /* Debug */,
				4EABE9E623DD823800C92A19 /* Release */,
			);
			defaultConfigurationIsVisible = 0;
			defaultConfigurationName = Release;
		};
		4EABE9E723DD823800C92A19 /* Build configuration list for PBXNativeTarget "ScheduleManagerUITests" */ = {
			isa = XCConfigurationList;
			buildConfigurations = (
				4EABE9E823DD823800C92A19 /* Debug */,
				4EABE9E923DD823800C92A19 /* Release */,
			);
			defaultConfigurationIsVisible = 0;
			defaultConfigurationName = Release;
		};
/* End XCConfigurationList section */

/* Begin XCRemoteSwiftPackageReference section */
		4E1F50F023E4705D0058D993 /* XCRemoteSwiftPackageReference "DeviceKit" */ = {
			isa = XCRemoteSwiftPackageReference;
			repositoryURL = "https://github.com/devicekit/DeviceKit.git";
			requirement = {
				kind = upToNextMajorVersion;
				minimumVersion = 3.0.0;
			};
		};
		4EABE9EA23DD86A400C92A19 /* XCRemoteSwiftPackageReference "Alamofire" */ = {
			isa = XCRemoteSwiftPackageReference;
			repositoryURL = "https://github.com/Alamofire/Alamofire.git";
			requirement = {
				kind = upToNextMinorVersion;
				minimumVersion = 4.9.1;
			};
		};
/* End XCRemoteSwiftPackageReference section */

/* Begin XCSwiftPackageProductDependency section */
		4E1F50F123E4705D0058D993 /* DeviceKit */ = {
			isa = XCSwiftPackageProductDependency;
			package = 4E1F50F023E4705D0058D993 /* XCRemoteSwiftPackageReference "DeviceKit" */;
			productName = DeviceKit;
		};
		4EABE9EB23DD86A400C92A19 /* Alamofire */ = {
			isa = XCSwiftPackageProductDependency;
			package = 4EABE9EA23DD86A400C92A19 /* XCRemoteSwiftPackageReference "Alamofire" */;
			productName = Alamofire;
		};
/* End XCSwiftPackageProductDependency section */
	};
	rootObject = 4EABE9AF23DD823500C92A19 /* Project object */;
}
